
Microsoft Visual Studio Solution File, Format Version 12.00
# Visual Studio Version 17
VisualStudioVersion = 17.8.34330.188
MinimumVisualStudioVersion = 10.0.40219.1
Project("{9A19103F-16F7-4668-BE54-9A1E7A4F7556}") = "BruteForceApproach", "BruteForceApproach\BruteForceApproach.csproj", "{AD50DFCD-E901-4182-B7A4-4DA0B51F5CD0}"
EndProject
Project("{9A19103F-16F7-4668-BE54-9A1E7A4F7556}") = "GeneticAlgorithm", "GeneticAlgorithm\GeneticAlgorithm.csproj", "{50359367-33CD-4564-AF1F-226A59792C2A}"
EndProject
Global
	GlobalSection(SolutionConfigurationPlatforms) = preSolution
		Debug|Any CPU = Debug|Any CPU
		Release|Any CPU = Release|Any CPU
	EndGlobalSection
	GlobalSection(ProjectConfigurationPlatforms) = postSolution
		{AD50DFCD-E901-4182-B7A4-4DA0B51F5CD0}.Debug|Any CPU.ActiveCfg = Debug|Any CPU
		{AD50DFCD-E901-4182-B7A4-4DA0B51F5CD0}.Debug|Any CPU.Build.0 = Debug|Any CPU
		{AD50DFCD-E901-4182-B7A4-4DA0B51F5CD0}.Release|Any CPU.ActiveCfg = Release|Any CPU
		{AD50DFCD-E901-4182-B7A4-4DA0B51F5CD0}.Release|Any CPU.Build.0 = Release|Any CPU
		{50359367-33CD-4564-AF1F-226A59792C2A}.Debug|Any CPU.ActiveCfg = Debug|Any CPU
		{50359367-33CD-4564-AF1F-226A59792C2A}.Debug|Any CPU.Build.0 = Debug|Any CPU
		{50359367-33CD-4564-AF1F-226A59792C2A}.Release|Any CPU.ActiveCfg = Release|Any CPU
		{50359367-33CD-4564-AF1F-226A59792C2A}.Release|Any CPU.Build.0 = Release|Any CPU
	EndGlobalSection
	GlobalSection(SolutionProperties) = preSolution
		HideSolutionNode = FALSE
	EndGlobalSection
	GlobalSection(ExtensibilityGlobals) = postSolution
		SolutionGuid = {992B4FDA-62FF-431A-BDBB-9E8DEF0C59DC}
	EndGlobalSection
EndGlobal
