
Microsoft Visual Studio Solution File, Format Version 12.00
# Visual Studio Version 17
VisualStudioVersion = 17.8.34330.188
MinimumVisualStudioVersion = 10.0.40219.1
Project("{FAE04EC0-301F-11D3-BF4B-00C04F79EFBC}") = "SIAOD_5sem_kursovayaJob", "SIAOD_5sem_kursovayaJob\SIAOD_5sem_kursovayaJob.csproj", "{B7F14D33-2C9A-46C6-AC11-B145BE7AF2B3}"
EndProject
Global
	GlobalSection(SolutionConfigurationPlatforms) = preSolution
		Debug|Any CPU = Debug|Any CPU
		Release|Any CPU = Release|Any CPU
	EndGlobalSection
	GlobalSection(ProjectConfigurationPlatforms) = postSolution
		{B7F14D33-2C9A-46C6-AC11-B145BE7AF2B3}.Debug|Any CPU.ActiveCfg = Debug|Any CPU
		{B7F14D33-2C9A-46C6-AC11-B145BE7AF2B3}.Debug|Any CPU.Build.0 = Debug|Any CPU
		{B7F14D33-2C9A-46C6-AC11-B145BE7AF2B3}.Release|Any CPU.ActiveCfg = Release|Any CPU
		{B7F14D33-2C9A-46C6-AC11-B145BE7AF2B3}.Release|Any CPU.Build.0 = Release|Any CPU
	EndGlobalSection
	GlobalSection(SolutionProperties) = preSolution
		HideSolutionNode = FALSE
	EndGlobalSection
	GlobalSection(ExtensibilityGlobals) = postSolution
		SolutionGuid = {992B4FDA-62FF-431A-BDBB-9E8DEF0C59DC}
	EndGlobalSection
EndGlobal
